
Microsoft Visual Studio Solution File, Format Version 12.00
# Visual Studio Version 16
VisualStudioVersion = 16.0.31112.23
MinimumVisualStudioVersion = 10.0.40219.1
Project("{F184B08F-C81C-45F6-A57F-5ABD9991F28F}") = "Function Dan Sub", "Function Dan Sub\Function Dan Sub.vbproj", "{EF64C5F0-A978-4883-A72D-C96CF75461F2}"
EndProject
Global
	GlobalSection(SolutionConfigurationPlatforms) = preSolution
		Debug|Any CPU = Debug|Any CPU
		Release|Any CPU = Release|Any CPU
	EndGlobalSection
	GlobalSection(ProjectConfigurationPlatforms) = postSolution
		{EF64C5F0-A978-4883-A72D-C96CF75461F2}.Debug|Any CPU.ActiveCfg = Debug|Any CPU
		{EF64C5F0-A978-4883-A72D-C96CF75461F2}.Debug|Any CPU.Build.0 = Debug|Any CPU
		{EF64C5F0-A978-4883-A72D-C96CF75461F2}.Release|Any CPU.ActiveCfg = Release|Any CPU
		{EF64C5F0-A978-4883-A72D-C96CF75461F2}.Release|Any CPU.Build.0 = Release|Any CPU
	EndGlobalSection
	GlobalSection(SolutionProperties) = preSolution
		HideSolutionNode = FALSE
	EndGlobalSection
	GlobalSection(ExtensibilityGlobals) = postSolution
		SolutionGuid = {72BE5DE3-E731-43B9-9239-32BA9D4FB475}
	EndGlobalSection
EndGlobal
